# This file is generated by running "yarn install" inside your project.
# Manual changes might be lost - proceed with caution!

__metadata:
  version: 6
  cacheKey: 8

"@prisma/client@npm:3.10.0":
  version: 3.10.0
  resolution: "@prisma/client@npm:3.10.0"
  dependencies:
    "@prisma/engines-version": 3.10.0-50.73e60b76d394f8d37d8ebd1f8918c79029f0db86
  peerDependencies:
    prisma: "*"
  peerDependenciesMeta:
    prisma:
      optional: true
  checksum: c9fe863abfbcecff6b26c2fc4c93de77fd11c8209e91b8e2cba13ba3f0866d228eb5e92fac43e1f75497b652db54cb5e309320c3d51e603a4ecb4125dbf3a872
  languageName: node
  linkType: hard

"@prisma/engines-version@npm:3.10.0-50.73e60b76d394f8d37d8ebd1f8918c79029f0db86":
  version: 3.10.0-50.73e60b76d394f8d37d8ebd1f8918c79029f0db86
  resolution: "@prisma/engines-version@npm:3.10.0-50.73e60b76d394f8d37d8ebd1f8918c79029f0db86"
  checksum: ddcb3bfdab61ac74e2df9e57562ccc7f0eb863955c8cf711f52f45572168f65e030e5070dfc9fc2e37d916b97b236576006b5cd56c813257a96b825c598e79fa
  languageName: node
  linkType: hard

"@prisma/engines@npm:3.10.0-50.73e60b76d394f8d37d8ebd1f8918c79029f0db86":
  version: 3.10.0-50.73e60b76d394f8d37d8ebd1f8918c79029f0db86
  resolution: "@prisma/engines@npm:3.10.0-50.73e60b76d394f8d37d8ebd1f8918c79029f0db86"
  checksum: 7faa8659dd72e70f9b24be291e3660d086d5b2ee1b6557bf783100a2efaf4f7087882196191c845f96c3953a55ea8bcb03110af98a18e803b90084c0c2211444
  languageName: node
  linkType: hard

"prisma-exclude@npm:1.0.1":
  version: 1.0.1
  resolution: "prisma-exclude@npm:1.0.1"
  peerDependencies:
    "@prisma/client": ^3.10.0
    prisma: ^3.10.0
  checksum: 3827d7129c649cfeca2e0dd16c153f45ac2f9aad800572779642dda49f9bc255c6af98c92723b923277ba67fcafbdc5a3a5adb3771a1a4f874952fc46d9890d4
  languageName: node
  linkType: hard

"prisma@npm:3.10.0":
  version: 3.10.0
  resolution: "prisma@npm:3.10.0"
  dependencies:
    "@prisma/engines": 3.10.0-50.73e60b76d394f8d37d8ebd1f8918c79029f0db86
  bin:
    prisma: build/index.js
    prisma2: build/index.js
  checksum: da693ebd69ec5f5a8132a86f1c6e300033a5ea869016e19364f514fdda6143f0d6236982a26b431313f06fecfaa2d1bd82eac3ebbf5b58082271f1a65c8a683d
  languageName: node
  linkType: hard

"simple@workspace:.":
  version: 0.0.0-use.local
  resolution: "simple@workspace:."
  dependencies:
    "@prisma/client": 3.10.0
    prisma: 3.10.0
    prisma-exclude: 1.0.1
  languageName: unknown
  linkType: soft
